{
  "name": "fakerjsgenerator",
  "version": "1.0.0",
  "lockfileVersion": 3,
  "requires": true,
  "packages": {
    "": {
      "name": "fakerjsgenerator",
      "version": "1.0.0",
      "license": "ISC",
      "dependencies": {
        "fs": "^0.0.1-security",
        "json-2-csv": "^5.5.8",
        "json2csv": "^6.0.0-alpha.2"
      },
      "devDependencies": {
        "@faker-js/faker": "^9.5.0"
      }
    },
    "node_modules/@faker-js/faker": {
      "version": "9.5.0",
      "resolved": "https://registry.npmjs.org/@faker-js/faker/-/faker-9.5.0.tgz",
      "integrity": "sha512-3qbjLv+fzuuCg3umxc9/7YjrEXNaKwHgmig949nfyaTx8eL4FAsvFbu+1JcFUj1YAXofhaDn6JdEUBTYuk0Ssw==",
      "dev": true,
      "funding": [
        {
          "type": "opencollective",
          "url": "https://opencollective.com/fakerjs"
        }
      ],
      "license": "MIT",
      "engines": {
        "node": ">=18.0.0",
        "npm": ">=9.0.0"
      }
    },
    "node_modules/@streamparser/json": {
      "version": "0.0.6",
      "resolved": "https://registry.npmjs.org/@streamparser/json/-/json-0.0.6.tgz",
      "integrity": "sha512-vL9EVn/v+OhZ+Wcs6O4iKE9EUpwHUqHmCtNUMWjqp+6dr85+XPOSGTEsqYNq1Vn04uk9SWlOVmx9J48ggJVT2Q==",
      "license": "MIT"
    },
    "node_modules/commander": {
      "version": "6.2.1",
      "resolved": "https://registry.npmjs.org/commander/-/commander-6.2.1.tgz",
      "integrity": "sha512-U7VdrJFnJgo4xjrHpTzu0yrHPGImdsmD95ZlgYSEajAn2JKzDhDTPG9kBTefmObL2w/ngeZnilk+OV9CG3d7UA==",
      "license": "MIT",
      "engines": {
        "node": ">= 6"
      }
    },
    "node_modules/deeks": {
      "version": "3.1.0",
      "resolved": "https://registry.npmjs.org/deeks/-/deeks-3.1.0.tgz",
      "integrity": "sha512-e7oWH1LzIdv/prMQ7pmlDlaVoL64glqzvNgkgQNgyec9ORPHrT2jaOqMtRyqJuwWjtfb6v+2rk9pmaHj+F137A==",
      "license": "MIT",
      "engines": {
        "node": ">= 16"
      }
    },
    "node_modules/doc-path": {
      "version": "4.1.1",
      "resolved": "https://registry.npmjs.org/doc-path/-/doc-path-4.1.1.tgz",
      "integrity": "sha512-h1ErTglQAVv2gCnOpD3sFS6uolDbOKHDU1BZq+Kl3npPqroU3dYL42lUgMfd5UimlwtRgp7C9dLGwqQ5D2HYgQ==",
      "license": "MIT",
      "engines": {
        "node": ">=16"
      }
    },
    "node_modules/fs": {
      "version": "0.0.1-security",
      "resolved": "https://registry.npmjs.org/fs/-/fs-0.0.1-security.tgz",
      "integrity": "sha512-3XY9e1pP0CVEUCdj5BmfIZxRBTSDycnbqhIOGec9QYtmVH2fbLpj86CFWkrNOkt/Fvty4KZG5lTglL9j/gJ87w==",
      "license": "ISC"
    },
    "node_modules/json-2-csv": {
      "version": "5.5.8",
      "resolved": "https://registry.npmjs.org/json-2-csv/-/json-2-csv-5.5.8.tgz",
      "integrity": "sha512-eMQHOwV+av8Sgo+fkbEbQWOw/kwh89AZ5fNA8TYfcooG6TG1ZOL2WcPUrngIMIK8dBJitQ8QEU0zbncQ0CX4CQ==",
      "license": "MIT",
      "dependencies": {
        "deeks": "3.1.0",
        "doc-path": "4.1.1"
      },
      "engines": {
        "node": ">= 16"
      }
    },
    "node_modules/json2csv": {
      "version": "6.0.0-alpha.2",
      "resolved": "https://registry.npmjs.org/json2csv/-/json2csv-6.0.0-alpha.2.tgz",
      "integrity": "sha512-nJ3oP6QxN8z69IT1HmrJdfVxhU1kLTBVgMfRnNZc37YEY+jZ4nU27rBGxT4vaqM/KUCavLRhntmTuBFqZLBUcA==",
      "license": "MIT",
      "dependencies": {
        "@streamparser/json": "^0.0.6",
        "commander": "^6.2.0",
        "lodash.get": "^4.4.2"
      },
      "bin": {
        "json2csv": "bin/json2csv.js"
      },
      "engines": {
        "node": ">= 12",
        "npm": ">= 6.13.0"
      }
    },
    "node_modules/lodash.get": {
      "version": "4.4.2",
      "resolved": "https://registry.npmjs.org/lodash.get/-/lodash.get-4.4.2.tgz",
      "integrity": "sha512-z+Uw/vLuy6gQe8cfaFWD7p0wVv8fJl3mbzXh33RS+0oW2wvUqiRXiQ69gLWSLpgB5/6sU+r6BlQR0MBILadqTQ==",
      "deprecated": "This package is deprecated. Use the optional chaining (?.) operator instead.",
      "license": "MIT"
    }
  }
}
